
Microsoft Visual Studio Solution File, Format Version 12.00
# Visual Studio Version 17
VisualStudioVersion = 17.11.35312.102
MinimumVisualStudioVersion = 10.0.40219.1
Project("{2150E333-8FDC-42A3-9474-1A3956D46DE8}") = "src", "src", "{DAE99F9C-936A-4E3C-BD77-13311B2A52A2}"
EndProject
Project("{2150E333-8FDC-42A3-9474-1A3956D46DE8}") = "client", "client", "{0BABADDD-1848-4115-B7BF-9FB5A050739A}"
EndProject
Project("{2150E333-8FDC-42A3-9474-1A3956D46DE8}") = "broker", "broker", "{E8119E99-0DC0-47CA-830A-E36738FE6027}"
EndProject
Project("{9A19103F-16F7-4668-BE54-9A1E7A4F7556}") = "Client", "Client\Client.csproj", "{0F682F29-CCDF-4A06-A9FC-BF110CE4327F}"
EndProject
Project("{9A19103F-16F7-4668-BE54-9A1E7A4F7556}") = "BrokerServer", "BrokerServer\BrokerServer.csproj", "{F9B77948-38D6-424A-9F82-9977846B7AEA}"
EndProject
Project("{2150E333-8FDC-42A3-9474-1A3956D46DE8}") = "common", "common", "{8BE718C4-2F49-4ABF-8FEF-CEC23A4B2B8B}"
EndProject
Project("{9A19103F-16F7-4668-BE54-9A1E7A4F7556}") = "Common", "Common\Common.csproj", "{E7BB86CD-6CAA-4572-BDC6-EF6D4FCB03AC}"
EndProject
Project("{2150E333-8FDC-42A3-9474-1A3956D46DE8}") = "src-rpc", "src-rpc", "{6F0F90FD-9DFB-4AE0-AD8D-6C864B5DF8D0}"
EndProject
Project("{2150E333-8FDC-42A3-9474-1A3956D46DE8}") = "broker", "broker", "{6AC91773-34ED-4768-B425-9248803AB5C6}"
EndProject
Project("{2150E333-8FDC-42A3-9474-1A3956D46DE8}") = "client", "client", "{415A27E7-E45B-4007-A5D5-A17328D59895}"
EndProject
Project("{2150E333-8FDC-42A3-9474-1A3956D46DE8}") = "common", "common", "{B33F79DC-A3DF-4886-B87B-F62C41075887}"
EndProject
Project("{FAE04EC0-301F-11D3-BF4B-00C04F79EFBC}") = "gRPCServer", "gRPCServer\gRPCServer.csproj", "{8517C444-0F96-4346-924C-CB6682B7B95D}"
EndProject
Project("{FAE04EC0-301F-11D3-BF4B-00C04F79EFBC}") = "gRPCClient", "gRPCClient\gRPCClient.csproj", "{5ECD32B9-218A-4D18-9584-B3EDCD358C8A}"
EndProject
Global
	GlobalSection(SolutionConfigurationPlatforms) = preSolution
		Debug|Any CPU = Debug|Any CPU
		Release|Any CPU = Release|Any CPU
	EndGlobalSection
	GlobalSection(ProjectConfigurationPlatforms) = postSolution
		{0F682F29-CCDF-4A06-A9FC-BF110CE4327F}.Debug|Any CPU.ActiveCfg = Debug|Any CPU
		{0F682F29-CCDF-4A06-A9FC-BF110CE4327F}.Debug|Any CPU.Build.0 = Debug|Any CPU
		{0F682F29-CCDF-4A06-A9FC-BF110CE4327F}.Release|Any CPU.ActiveCfg = Release|Any CPU
		{0F682F29-CCDF-4A06-A9FC-BF110CE4327F}.Release|Any CPU.Build.0 = Release|Any CPU
		{F9B77948-38D6-424A-9F82-9977846B7AEA}.Debug|Any CPU.ActiveCfg = Debug|Any CPU
		{F9B77948-38D6-424A-9F82-9977846B7AEA}.Debug|Any CPU.Build.0 = Debug|Any CPU
		{F9B77948-38D6-424A-9F82-9977846B7AEA}.Release|Any CPU.ActiveCfg = Release|Any CPU
		{F9B77948-38D6-424A-9F82-9977846B7AEA}.Release|Any CPU.Build.0 = Release|Any CPU
		{E7BB86CD-6CAA-4572-BDC6-EF6D4FCB03AC}.Debug|Any CPU.ActiveCfg = Debug|Any CPU
		{E7BB86CD-6CAA-4572-BDC6-EF6D4FCB03AC}.Debug|Any CPU.Build.0 = Debug|Any CPU
		{E7BB86CD-6CAA-4572-BDC6-EF6D4FCB03AC}.Release|Any CPU.ActiveCfg = Release|Any CPU
		{E7BB86CD-6CAA-4572-BDC6-EF6D4FCB03AC}.Release|Any CPU.Build.0 = Release|Any CPU
		{8517C444-0F96-4346-924C-CB6682B7B95D}.Debug|Any CPU.ActiveCfg = Debug|Any CPU
		{8517C444-0F96-4346-924C-CB6682B7B95D}.Debug|Any CPU.Build.0 = Debug|Any CPU
		{8517C444-0F96-4346-924C-CB6682B7B95D}.Release|Any CPU.ActiveCfg = Release|Any CPU
		{8517C444-0F96-4346-924C-CB6682B7B95D}.Release|Any CPU.Build.0 = Release|Any CPU
		{5ECD32B9-218A-4D18-9584-B3EDCD358C8A}.Debug|Any CPU.ActiveCfg = Debug|Any CPU
		{5ECD32B9-218A-4D18-9584-B3EDCD358C8A}.Debug|Any CPU.Build.0 = Debug|Any CPU
		{5ECD32B9-218A-4D18-9584-B3EDCD358C8A}.Release|Any CPU.ActiveCfg = Release|Any CPU
		{5ECD32B9-218A-4D18-9584-B3EDCD358C8A}.Release|Any CPU.Build.0 = Release|Any CPU
	EndGlobalSection
	GlobalSection(SolutionProperties) = preSolution
		HideSolutionNode = FALSE
	EndGlobalSection
	GlobalSection(NestedProjects) = preSolution
		{0BABADDD-1848-4115-B7BF-9FB5A050739A} = {DAE99F9C-936A-4E3C-BD77-13311B2A52A2}
		{E8119E99-0DC0-47CA-830A-E36738FE6027} = {DAE99F9C-936A-4E3C-BD77-13311B2A52A2}
		{0F682F29-CCDF-4A06-A9FC-BF110CE4327F} = {0BABADDD-1848-4115-B7BF-9FB5A050739A}
		{F9B77948-38D6-424A-9F82-9977846B7AEA} = {E8119E99-0DC0-47CA-830A-E36738FE6027}
		{8BE718C4-2F49-4ABF-8FEF-CEC23A4B2B8B} = {DAE99F9C-936A-4E3C-BD77-13311B2A52A2}
		{E7BB86CD-6CAA-4572-BDC6-EF6D4FCB03AC} = {8BE718C4-2F49-4ABF-8FEF-CEC23A4B2B8B}
		{6AC91773-34ED-4768-B425-9248803AB5C6} = {6F0F90FD-9DFB-4AE0-AD8D-6C864B5DF8D0}
		{415A27E7-E45B-4007-A5D5-A17328D59895} = {6F0F90FD-9DFB-4AE0-AD8D-6C864B5DF8D0}
		{B33F79DC-A3DF-4886-B87B-F62C41075887} = {6F0F90FD-9DFB-4AE0-AD8D-6C864B5DF8D0}
		{8517C444-0F96-4346-924C-CB6682B7B95D} = {6AC91773-34ED-4768-B425-9248803AB5C6}
		{5ECD32B9-218A-4D18-9584-B3EDCD358C8A} = {415A27E7-E45B-4007-A5D5-A17328D59895}
	EndGlobalSection
	GlobalSection(ExtensibilityGlobals) = postSolution
		SolutionGuid = {ABDBC278-7DFF-4A9F-95A0-BB73ACE81467}
	EndGlobalSection
EndGlobal
